github.com/Jeffail/gabs/v2 v2.7.0 h1:Y2edYaTcE8ZpRsR2AtmPu5xQdFDIthFG0jYhu5PY8kg=
github.com/Jeffail/gabs/v2 v2.7.0/go.mod h1:dp5ocw1FvBBQYssgHsG7I1WYsiLRtkUaB1FEtSwvNUw=
github.com/anyascii/go v0.3.3 h1:A3BhW92hXPYPb8Y1+zLOip8xjSxNcdl1FaxzTmFxrhs=
github.com/anyascii/go v0.3.3/go.mod h1:HDvbMmSpqJyIe+xtSkHmAYTjc8PzvO3l1Jmgx/IFUPs=
github.com/davecgh/go-spew v1.1.1 h1:vj9j/u1bqnvCEfJOwUhtlOARqs3+rkHYY13jYWTU97c=
github.com/davecgh/go-spew v1.1.1/go.mod h1:J7Y8YcW2NihsgmVo/mv3lAwl/skON4iLHjSsI+c5H38=
github.com/fatih/color v1.18.0 h1:S8gINlzdQ840/4pfAwic/ZE0djQEH3wM94VfqLTZcOM=
github.com/fatih/color v1.18.0/go.mod h1:4FelSpRwEGDpQ12mAdzqdOukCy4u8WUtOY6lkT/6HfU=
github.com/gofri/go-github-pagination v1.0.1 h1:j5uJRx65i/Ta2M0QSgiPcyokY69JnCQglt4n9pspFhY=
github.com/gofri/go-github-pagination v1.0.1/go.mod h1:Qij55Fb4fNPjam3SB+8cLnqp4pgR8RGMyIspYXcyHX0=
github.com/gofri/go-github-ratelimit v1.1.1 h1:5TCOtFf45M2PjSYU17txqbiYBEzjOuK1+OhivbW69W0=
github.com/gofri/go-github-ratelimit v1.1.1/go.mod h1:wGZlBbzHmIVjwDR3pZgKY7RBTV6gsQWxLVkpfwhcMJM=
github.com/gofrs/flock v0.12.1 h1:MTLVXXHf8ekldpJk3AKicLij9MdwOWkZ+a/jHHZby9E=
github.com/gofrs/flock v0.12.1/go.mod h1:9zxTsyu5xtJ9DK+1tFZyibEV7y3uwDxPPfbxeeHCoD0=
github.com/mattn/go-colorable v0.1.15 h1:+u9SLTRGnXv73cEsnsmoZBom+dMU88B2M0aDcWy0/jY=
github.com/mattn/go-colorable v0.1.15/go.mod h1:6LmQG8QLFO4G5z1gPvYEzlUgJ2wF+stgPZH1UqBm1s8=
github.com/mattn/go-isatty v0.0.23 h1:cYwCQTQf3HB6xUC+BtyCLZNr7IzbOmoZbmssVNzSyiQ=
github.com/mattn/go-isatty v0.0.23/go.mod h1:nMCL3Zebbrt45jsMDgnfIwz6ydEQApk5oEI3HqDio6A=
github.com/pmezard/go-difflib v1.0.0 h1:4DBwDE0NGyQoBHbLQYPwSUPoCMWR5BEzIk/f1lZbAQM=
github.com/pmezard/go-difflib v1.0.0/go.mod h1:iKH77koFhYxTK1pcRnkKkqfTogsbg7gZNVY4sRDYZ/4=
github.com/spf13/pflag v1.0.10 h1:4EBh2KAYBwaONj6b2Ye1GiHfwjqyROoF4RwYO+vPwFk=
github.com/spf13/pflag v1.0.10/go.mod h1:McXfInJRrz4CZXVZOBLb0bTZqETkiAhM9Iw0y3An2Bg=
github.com/stretchr/testify v1.9.0 h1:HtqpIVDClZ4nwg75+f6Lvsy/wHu+3BoSGCbBAcpTsTg=
github.com/stretchr/testify v1.9.0/go.mod h1:r2ic/lqez/lEtzL7wO/rwa5dbSLXVDPFyf8C91i36aY=
github.com/texttheater/golang-levenshtein/levenshtein v0.0.0-20200805054039-cae8b0eaed6c h1:HelZ2kAFadG0La9d+4htN4HzQ68Bm2iM9qKMSMES6xg=
github.com/texttheater/golang-levenshtein/levenshtein v0.0.0-20200805054039-cae8b0eaed6c/go.mod h1:JlzghshsemAMDGZLytTFY8C1JQxQPhnatWqNwUXjggo=
golang.org/x/sys v0.35.0 h1:vz1N37gP5bs89s7He8XuIYXpyY0+QlsKmzipCbUtyxI=
golang.org/x/sys v0.35.0/go.mod h1:BJP2sWEmIv4KK5OTEluFJCKSidICx8ciO85XgH3Ak8k=
gopkg.in/yaml.v3 v3.0.1 h1:fxVm/GzAzEWqLHuvctI91KS9hhNmmWOoWu0XTYJS7CA=
gopkg.in/yaml.v3 v3.0.1/go.mod h1:K4uyk7z7BCEPqu6E+C64Yfv1cQ7kz7rIZviUmN+EgEM=
